{
  "name": "markdown-wasm",
  "version": "1.1.2",
  "lockfileVersion": 2,
  "requires": true,
  "packages": {
    "": {
      "version": "1.1.2",
      "license": "MIT",
      "devDependencies": {
        "wasmc": "^2.2.1"
      }
    },
    "node_modules/wasmc": {
      "version": "2.2.1",
      "resolved": "https://registry.npmjs.org/wasmc/-/wasmc-2.2.1.tgz",
      "integrity": "sha512-uV/nhZdfnffBfLv2WJWWfRoJwk+5phhPobg7fqnJoRpXdUV5eShRb6tOXoco987cTxarkBymYwGufMdC4dPXAw==",
      "dev": true,
      "bin": {
        "wasmc": "wasmc"
      }
    }
  },
  "dependencies": {
    "wasmc": {
      "version": "2.2.1",
      "resolved": "https://registry.npmjs.org/wasmc/-/wasmc-2.2.1.tgz",
      "integrity": "sha512-uV/nhZdfnffBfLv2WJWWfRoJwk+5phhPobg7fqnJoRpXdUV5eShRb6tOXoco987cTxarkBymYwGufMdC4dPXAw==",
      "dev": true
    }
  }
}
